
Microsoft Visual Studio Solution File, Format Version 12.00
# Visual Studio 15
VisualStudioVersion = 15.0.28010.2048
MinimumVisualStudioVersion = 10.0.40219.1
Project("{FAE04EC0-301F-11D3-BF4B-00C04F79EFBC}") = "ConsoleApp1", "ConsoleApp1\ConsoleApp1.csproj", "{CC4B3491-0AC1-459F-B2B2-668BE32FF663}"
EndProject
Project("{FAE04EC0-301F-11D3-BF4B-00C04F79EFBC}") = "UnitTestProject2", "UnitTestProject2\UnitTestProject2.csproj", "{2773D7B4-499B-4424-BC8D-252D2F52ECB5}"
EndProject
Global
	GlobalSection(SolutionConfigurationPlatforms) = preSolution
		Debug|Any CPU = Debug|Any CPU
		Release|Any CPU = Release|Any CPU
	EndGlobalSection
	GlobalSection(ProjectConfigurationPlatforms) = postSolution
		{CC4B3491-0AC1-459F-B2B2-668BE32FF663}.Debug|Any CPU.ActiveCfg = Debug|Any CPU
		{CC4B3491-0AC1-459F-B2B2-668BE32FF663}.Debug|Any CPU.Build.0 = Debug|Any CPU
		{CC4B3491-0AC1-459F-B2B2-668BE32FF663}.Release|Any CPU.ActiveCfg = Release|Any CPU
		{CC4B3491-0AC1-459F-B2B2-668BE32FF663}.Release|Any CPU.Build.0 = Release|Any CPU
		{2773D7B4-499B-4424-BC8D-252D2F52ECB5}.Debug|Any CPU.ActiveCfg = Debug|Any CPU
		{2773D7B4-499B-4424-BC8D-252D2F52ECB5}.Debug|Any CPU.Build.0 = Debug|Any CPU
		{2773D7B4-499B-4424-BC8D-252D2F52ECB5}.Release|Any CPU.ActiveCfg = Release|Any CPU
		{2773D7B4-499B-4424-BC8D-252D2F52ECB5}.Release|Any CPU.Build.0 = Release|Any CPU
	EndGlobalSection
	GlobalSection(SolutionProperties) = preSolution
		HideSolutionNode = FALSE
	EndGlobalSection
	GlobalSection(ExtensibilityGlobals) = postSolution
		SolutionGuid = {F31D914C-E00E-4379-9BF7-A583ACBB28F4}
	EndGlobalSection
EndGlobal
